
Microsoft Visual Studio Solution File, Format Version 12.00
# Visual Studio Version 17
VisualStudioVersion = 17.4.33213.308
MinimumVisualStudioVersion = 10.0.40219.1
Project("{FAE04EC0-301F-11D3-BF4B-00C04F79EFBC}") = "AnguloZApi", "AnguloZApi\AnguloZApi.csproj", "{37732880-1D94-41F7-A217-1D89FA2140C3}"
EndProject
Global
	GlobalSection(SolutionConfigurationPlatforms) = preSolution
		Debug|Any CPU = Debug|Any CPU
		Release|Any CPU = Release|Any CPU
	EndGlobalSection
	GlobalSection(ProjectConfigurationPlatforms) = postSolution
		{37732880-1D94-41F7-A217-1D89FA2140C3}.Debug|Any CPU.ActiveCfg = Debug|Any CPU
		{37732880-1D94-41F7-A217-1D89FA2140C3}.Debug|Any CPU.Build.0 = Debug|Any CPU
		{37732880-1D94-41F7-A217-1D89FA2140C3}.Release|Any CPU.ActiveCfg = Release|Any CPU
		{37732880-1D94-41F7-A217-1D89FA2140C3}.Release|Any CPU.Build.0 = Release|Any CPU
	EndGlobalSection
	GlobalSection(SolutionProperties) = preSolution
		HideSolutionNode = FALSE
	EndGlobalSection
	GlobalSection(ExtensibilityGlobals) = postSolution
		SolutionGuid = {1BCFEB35-052B-455D-84A1-98E0F62E99F6}
	EndGlobalSection
EndGlobal
